// !$*UTF8*$!
{
	archiveVersion = 1;
	classes = {
	};
	objectVersion = 46;
	objects = {

/* Begin PBXBuildFile section */
		9C31E1651E807A47000E68D5 /* AppDelegate.swift in Sources */ = {isa = PBXBuildFile; fileRef = 9C31E1641E807A47000E68D5 /* AppDelegate.swift */; };
		9C31E1671E807A47000E68D5 /* ViewController.swift in Sources */ = {isa = PBXBuildFile; fileRef = 9C31E1661E807A47000E68D5 /* ViewController.swift */; };
		9C31E16A1E807A47000E68D5 /* Main.storyboard in Resources */ = {isa = PBXBuildFile; fileRef = 9C31E1681E807A47000E68D5 /* Main.storyboard */; };
		9C31E16C1E807A47000E68D5 /* Assets.xcassets in Resources */ = {isa = PBXBuildFile; fileRef = 9C31E16B1E807A47000E68D5 /* Assets.xcassets */; };
		9C31E16F1E807A47000E68D5 /* LaunchScreen.storyboard in Resources */ = {isa = PBXBuildFile; fileRef = 9C31E16D1E807A47000E68D5 /* LaunchScreen.storyboard */; };
		9C31E17A1E807A47000E68D5 /* Instagram_StefTests.swift in Sources */ = {isa = PBXBuildFile; fileRef = 9C31E1791E807A47000E68D5 /* Instagram_StefTests.swift */; };
		9C31E1851E807A47000E68D5 /* Instagram_StefUITests.swift in Sources */ = {isa = PBXBuildFile; fileRef = 9C31E1841E807A47000E68D5 /* Instagram_StefUITests.swift */; };
/* End PBXBuildFile section */

/* Begin PBXContainerItemProxy section */
		9C31E1761E807A47000E68D5 /* PBXContainerItemProxy */ = {
			isa = PBXContainerItemProxy;
			containerPortal = 9C31E1591E807A47000E68D5 /* Project object */;
			proxyType = 1;
			remoteGlobalIDString = 9C31E1601E807A47000E68D5;
			remoteInfo = Instagram_Stef;
		};
		9C31E1811E807A47000E68D5 /* PBXContainerItemProxy */ = {
			isa = PBXContainerItemProxy;
			containerPortal = 9C31E1591E807A47000E68D5 /* Project object */;
			proxyType = 1;
			remoteGlobalIDString = 9C31E1601E807A47000E68D5;
			remoteInfo = Instagram_Stef;
		};
/* End PBXContainerItemProxy section */

/* Begin PBXFileReference section */
		9C31E1611E807A47000E68D5 /* Instagram_Stef.app */ = {isa = PBXFileReference; explicitFileType = wrapper.application; includeInIndex = 0; path = Instagram_Stef.app; sourceTree = BUILT_PRODUCTS_DIR; };
		9C31E1641E807A47000E68D5 /* AppDelegate.swift */ = {isa = PBXFileReference; lastKnownFileType = sourcecode.swift; path = AppDelegate.swift; sourceTree = "<group>"; };
		9C31E1661E807A47000E68D5 /* ViewController.swift */ = {isa = PBXFileReference; lastKnownFileType = sourcecode.swift; path = ViewController.swift; sourceTree = "<group>"; };
		9C31E1691E807A47000E68D5 /* Base */ = {isa = PBXFileReference; lastKnownFileType = file.storyboard; name = Base; path = Base.lproj/Main.storyboard; sourceTree = "<group>"; };
		9C31E16B1E807A47000E68D5 /* Assets.xcassets */ = {isa = PBXFileReference; lastKnownFileType = folder.assetcatalog; path = Assets.xcassets; sourceTree = "<group>"; };
		9C31E16E1E807A47000E68D5 /* Base */ = {isa = PBXFileReference; lastKnownFileType = file.storyboard; name = Base; path = Base.lproj/LaunchScreen.storyboard; sourceTree = "<group>"; };
		9C31E1701E807A47000E68D5 /* Info.plist */ = {isa = PBXFileReference; lastKnownFileType = text.plist.xml; path = Info.plist; sourceTree = "<group>"; };
		9C31E1751E807A47000E68D5 /* Instagram_StefTests.xctest */ = {isa = PBXFileReference; explicitFileType = wrapper.cfbundle; includeInIndex = 0; path = Instagram_StefTests.xctest; sourceTree = BUILT_PRODUCTS_DIR; };
		9C31E1791E807A47000E68D5 /* Instagram_StefTests.swift */ = {isa = PBXFileReference; lastKnownFileType = sourcecode.swift; path = Instagram_StefTests.swift; sourceTree = "<group>"; };
		9C31E17B1E807A47000E68D5 /* Info.plist */ = {isa = PBXFileReference; lastKnownFileType = text.plist.xml; path = Info.plist; sourceTree = "<group>"; };
		9C31E1801E807A47000E68D5 /* Instagram_StefUITests.xctest */ = {isa = PBXFileReference; explicitFileType = wrapper.cfbundle; includeInIndex = 0; path = Instagram_StefUITests.xctest; sourceTree = BUILT_PRODUCTS_DIR; };
		9C31E1841E807A47000E68D5 /* Instagram_StefUITests.swift */ = {isa = PBXFileReference; lastKnownFileType = sourcecode.swift; path = Instagram_StefUITests.swift; sourceTree = "<group>"; };
		9C31E1861E807A47000E68D5 /* Info.plist */ = {isa = PBXFileReference; lastKnownFileType = text.plist.xml; path = Info.plist; sourceTree = "<group>"; };
/* End PBXFileReference section */

/* Begin PBXFrameworksBuildPhase section */
		9C31E15E1E807A47000E68D5 /* Frameworks */ = {
			isa = PBXFrameworksBuildPhase;
			buildActionMask = 2147483647;
			files = (
			);
			runOnlyForDeploymentPostprocessing = 0;
		};
		9C31E1721E807A47000E68D5 /* Frameworks */ = {
			isa = PBXFrameworksBuildPhase;
			buildActionMask = 2147483647;
			files = (
			);
			runOnlyForDeploymentPostprocessing = 0;
		};
		9C31E17D1E807A47000E68D5 /* Frameworks */ = {
			isa = PBXFrameworksBuildPhase;
			buildActionMask = 2147483647;
			files = (
			);
			runOnlyForDeploymentPostprocessing = 0;
		};
/* End PBXFrameworksBuildPhase section */

/* Begin PBXGroup section */
		9C31E1581E807A47000E68D5 = {
			isa = PBXGroup;
			children = (
				9C31E1631E807A47000E68D5 /* Instagram_Stef */,
				9C31E1781E807A47000E68D5 /* Instagram_StefTests */,
				9C31E1831E807A47000E68D5 /* Instagram_StefUITests */,
				9C31E1621E807A47000E68D5 /* Products */,
			);
			sourceTree = "<group>";
		};
		9C31E1621E807A47000E68D5 /* Products */ = {
			isa = PBXGroup;
			children = (
				9C31E1611E807A47000E68D5 /* Instagram_Stef.app */,
				9C31E1751E807A47000E68D5 /* Instagram_StefTests.xctest */,
				9C31E1801E807A47000E68D5 /* Instagram_StefUITests.xctest */,
			);
			name = Products;
			sourceTree = "<group>";
		};
		9C31E1631E807A47000E68D5 /* Instagram_Stef */ = {
			isa = PBXGroup;
			children = (
				9C31E1641E807A47000E68D5 /* AppDelegate.swift */,
				9C31E1661E807A47000E68D5 /* ViewController.swift */,
				9C31E1681E807A47000E68D5 /* Main.storyboard */,
				9C31E16B1E807A47000E68D5 /* Assets.xcassets */,
				9C31E16D1E807A47000E68D5 /* LaunchScreen.storyboard */,
				9C31E1701E807A47000E68D5 /* Info.plist */,
			);
			path = Instagram_Stef;
			sourceTree = "<group>";
		};
		9C31E1781E807A47000E68D5 /* Instagram_StefTests */ = {
			isa = PBXGroup;
			children = (
				9C31E1791E807A47000E68D5 /* Instagram_StefTests.swift */,
				9C31E17B1E807A47000E68D5 /* Info.plist */,
			);
			path = Instagram_StefTests;
			sourceTree = "<group>";
		};
		9C31E1831E807A47000E68D5 /* Instagram_StefUITests */ = {
			isa = PBXGroup;
			children = (
				9C31E1841E807A47000E68D5 /* Instagram_StefUITests.swift */,
				9C31E1861E807A47000E68D5 /* Info.plist */,
			);
			path = Instagram_StefUITests;
			sourceTree = "<group>";
		};
/* End PBXGroup section */

/* Begin PBXNativeTarget section */
		9C31E1601E807A47000E68D5 /* Instagram_Stef */ = {
			isa = PBXNativeTarget;
			buildConfigurationList = 9C31E1891E807A47000E68D5 /* Build configuration list for PBXNativeTarget "Instagram_Stef" */;
			buildPhases = (
				9C31E15D1E807A47000E68D5 /* Sources */,
				9C31E15E1E807A47000E68D5 /* Frameworks */,
				9C31E15F1E807A47000E68D5 /* Resources */,
			);
			buildRules = (
			);
			dependencies = (
			);
			name = Instagram_Stef;
			productName = Instagram_Stef;
			productReference = 9C31E1611E807A47000E68D5 /* Instagram_Stef.app */;
			productType = "com.apple.product-type.application";
		};
		9C31E1741E807A47000E68D5 /* Instagram_StefTests */ = {
			isa = PBXNativeTarget;
			buildConfigurationList = 9C31E18C1E807A47000E68D5 /* Build configuration list for PBXNativeTarget "Instagram_StefTests" */;
			buildPhases = (
				9C31E1711E807A47000E68D5 /* Sources */,
				9C31E1721E807A47000E68D5 /* Frameworks */,
				9C31E1731E807A47000E68D5 /* Resources */,
			);
			buildRules = (
			);
			dependencies = (
				9C31E1771E807A47000E68D5 /* PBXTargetDependency */,
			);
			name = Instagram_StefTests;
			productName = Instagram_StefTests;
			productReference = 9C31E1751E807A47000E68D5 /* Instagram_StefTests.xctest */;
			productType = "com.apple.product-type.bundle.unit-test";
		};
		9C31E17F1E807A47000E68D5 /* Instagram_StefUITests */ = {
			isa = PBXNativeTarget;
			buildConfigurationList = 9C31E18F1E807A47000E68D5 /* Build configuration list for PBXNativeTarget "Instagram_StefUITests" */;
			buildPhases = (
				9C31E17C1E807A47000E68D5 /* Sources */,
				9C31E17D1E807A47000E68D5 /* Frameworks */,
				9C31E17E1E807A47000E68D5 /* Resources */,
			);
			buildRules = (
			);
			dependencies = (
				9C31E1821E807A47000E68D5 /* PBXTargetDependency */,
			);
			name = Instagram_StefUITests;
			productName = Instagram_StefUITests;
			productReference = 9C31E1801E807A47000E68D5 /* Instagram_StefUITests.xctest */;
			productType = "com.apple.product-type.bundle.ui-testing";
		};
/* End PBXNativeTarget section */

/* Begin PBXProject section */
		9C31E1591E807A47000E68D5 /* Project object */ = {
			isa = PBXProject;
			attributes = {
				LastSwiftUpdateCheck = 0820;
				LastUpgradeCheck = 0820;
				ORGANIZATIONNAME = "Make School";
				TargetAttributes = {
					9C31E1601E807A47000E68D5 = {
						CreatedOnToolsVersion = 8.2;
						ProvisioningStyle = Automatic;
					};
					9C31E1741E807A47000E68D5 = {
						CreatedOnToolsVersion = 8.2;
						ProvisioningStyle = Automatic;
						TestTargetID = 9C31E1601E807A47000E68D5;
					};
					9C31E17F1E807A47000E68D5 = {
						CreatedOnToolsVersion = 8.2;
						ProvisioningStyle = Automatic;
						TestTargetID = 9C31E1601E807A47000E68D5;
					};
				};
			};
			buildConfigurationList = 9C31E15C1E807A47000E68D5 /* Build configuration list for PBXProject "Instagram_Stef" */;
			compatibilityVersion = "Xcode 3.2";
			developmentRegion = English;
			hasScannedForEncodings = 0;
			knownRegions = (
				en,
				Base,
			);
			mainGroup = 9C31E1581E807A47000E68D5;
			productRefGroup = 9C31E1621E807A47000E68D5 /* Products */;
			projectDirPath = "";
			projectRoot = "";
			targets = (
				9C31E1601E807A47000E68D5 /* Instagram_Stef */,
				9C31E1741E807A47000E68D5 /* Instagram_StefTests */,
				9C31E17F1E807A47000E68D5 /* Instagram_StefUITests */,
			);
		};
/* End PBXProject section */

/* Begin PBXResourcesBuildPhase section */
		9C31E15F1E807A47000E68D5 /* Resources */ = {
			isa = PBXResourcesBuildPhase;
			buildActionMask = 2147483647;
			files = (
				9C31E16F1E807A47000E68D5 /* LaunchScreen.storyboard in Resources */,
				9C31E16C1E807A47000E68D5 /* Assets.xcassets in Resources */,
				9C31E16A1E807A47000E68D5 /* Main.storyboard in Resources */,
			);
			runOnlyForDeploymentPostprocessing = 0;
		};
		9C31E1731E807A47000E68D5 /* Resources */ = {
			isa = PBXResourcesBuildPhase;
			buildActionMask = 2147483647;
			files = (
			);
			runOnlyForDeploymentPostprocessing = 0;
		};
		9C31E17E1E807A47000E68D5 /* Resources */ = {
			isa = PBXResourcesBuildPhase;
			buildActionMask = 2147483647;
			files = (
			);
			runOnlyForDeploymentPostprocessing = 0;
		};
/* End PBXResourcesBuildPhase section */

/* Begin PBXSourcesBuildPhase section */
		9C31E15D1E807A47000E68D5 /* Sources */ = {
			isa = PBXSourcesBuildPhase;
			buildActionMask = 2147483647;
			files = (
				9C31E1671E807A47000E68D5 /* ViewController.swift in Sources */,
				9C31E1651E807A47000E68D5 /* AppDelegate.swift in Sources */,
			);
			runOnlyForDeploymentPostprocessing = 0;
		};
		9C31E1711E807A47000E68D5 /* Sources */ = {
			isa = PBXSourcesBuildPhase;
			buildActionMask = 2147483647;
			files = (
				9C31E17A1E807A47000E68D5 /* Instagram_StefTests.swift in Sources */,
			);
			runOnlyForDeploymentPostprocessing = 0;
		};
		9C31E17C1E807A47000E68D5 /* Sources */ = {
			isa = PBXSourcesBuildPhase;
			buildActionMask = 2147483647;
			files = (
				9C31E1851E807A47000E68D5 /* Instagram_StefUITests.swift in Sources */,
			);
			runOnlyForDeploymentPostprocessing = 0;
		};
/* End PBXSourcesBuildPhase section */

/* Begin PBXTargetDependency section */
		9C31E1771E807A47000E68D5 /* PBXTargetDependency */ = {
			isa = PBXTargetDependency;
			target = 9C31E1601E807A47000E68D5 /* Instagram_Stef */;
			targetProxy = 9C31E1761E807A47000E68D5 /* PBXContainerItemProxy */;
		};
		9C31E1821E807A47000E68D5 /* PBXTargetDependency */ = {
			isa = PBXTargetDependency;
			target = 9C31E1601E807A47000E68D5 /* Instagram_Stef */;
			targetProxy = 9C31E1811E807A47000E68D5 /* PBXContainerItemProxy */;
		};
/* End PBXTargetDependency section */

/* Begin PBXVariantGroup section */
		9C31E1681E807A47000E68D5 /* Main.storyboard */ = {
			isa = PBXVariantGroup;
			children = (
				9C31E1691E807A47000E68D5 /* Base */,
			);
			name = Main.storyboard;
			sourceTree = "<group>";
		};
		9C31E16D1E807A47000E68D5 /* LaunchScreen.storyboard */ = {
			isa = PBXVariantGroup;
			children = (
				9C31E16E1E807A47000E68D5 /* Base */,
			);
			name = LaunchScreen.storyboard;
			sourceTree = "<group>";
		};
/* End PBXVariantGroup section */

/* Begin XCBuildConfiguration section */
		9C31E1871E807A47000E68D5 /* Debug */ = {
			isa = XCBuildConfiguration;
			buildSettings = {
				ALWAYS_SEARCH_USER_PATHS = NO;
				CLANG_ANALYZER_NONNULL = YES;
				CLANG_CXX_LANGUAGE_STANDARD = "gnu++0x";
				CLANG_CXX_LIBRARY = "libc++";
				CLANG_ENABLE_MODULES = YES;
				CLANG_ENABLE_OBJC_ARC = YES;
				CLANG_WARN_BOOL_CONVERSION = YES;
				CLANG_WARN_CONSTANT_CONVERSION = YES;
				CLANG_WARN_DIRECT_OBJC_ISA_USAGE = YES_ERROR;
				CLANG_WARN_DOCUMENTATION_COMMENTS = YES;
				CLANG_WARN_EMPTY_BODY = YES;
				CLANG_WARN_ENUM_CONVERSION = YES;
				CLANG_WARN_INFINITE_RECURSION = YES;
				CLANG_WARN_INT_CONVERSION = YES;
				CLANG_WARN_OBJC_ROOT_CLASS = YES_ERROR;
				CLANG_WARN_SUSPICIOUS_MOVE = YES;
				CLANG_WARN_UNREACHABLE_CODE = YES;
				CLANG_WARN__DUPLICATE_METHOD_MATCH = YES;
				"CODE_SIGN_IDENTITY[sdk=iphoneos*]" = "iPhone Developer";
				COPY_PHASE_STRIP = NO;
				DEBUG_INFORMATION_FORMAT = dwarf;
				ENABLE_STRICT_OBJC_MSGSEND = YES;
				ENABLE_TESTABILITY = YES;
				GCC_C_LANGUAGE_STANDARD = gnu99;
				GCC_DYNAMIC_NO_PIC = NO;
				GCC_NO_COMMON_BLOCKS = YES;
				GCC_OPTIMIZATION_LEVEL = 0;
				GCC_PREPROCESSOR_DEFINITIONS = (
					"DEBUG=1",
					"$(inherited)",
				);
				GCC_WARN_64_TO_32_BIT_CONVERSION = YES;
				GCC_WARN_ABOUT_RETURN_TYPE = YES_ERROR;
				GCC_WARN_UNDECLARED_SELECTOR = YES;
				GCC_WARN_UNINITIALIZED_AUTOS = YES_AGGRESSIVE;
				GCC_WARN_UNUSED_FUNCTION = YES;
				GCC_WARN_UNUSED_VARIABLE = YES;
				IPHONEOS_DEPLOYMENT_TARGET = 10.2;
				MTL_ENABLE_DEBUG_INFO = YES;
				ONLY_ACTIVE_ARCH = YES;
				SDKROOT = iphoneos;
				SWIFT_ACTIVE_COMPILATION_CONDITIONS = DEBUG;
				SWIFT_OPTIMIZATION_LEVEL = "-Onone";
			};
			name = Debug;
		};
		9C31E1881E807A47000E68D5 /* Release */ = {
			isa = XCBuildConfiguration;
			buildSettings = {
				ALWAYS_SEARCH_USER_PATHS = NO;
				CLANG_ANALYZER_NONNULL = YES;
				CLANG_CXX_LANGUAGE_STANDARD = "gnu++0x";
				CLANG_CXX_LIBRARY = "libc++";
				CLANG_ENABLE_MODULES = YES;
				CLANG_ENABLE_OBJC_ARC = YES;
				CLANG_WARN_BOOL_CONVERSION = YES;
				CLANG_WARN_CONSTANT_CONVERSION = YES;
				CLANG_WARN_DIRECT_OBJC_ISA_USAGE = YES_ERROR;
				CLANG_WARN_DOCUMENTATION_COMMENTS = YES;
				CLANG_WARN_EMPTY_BODY = YES;
				CLANG_WARN_ENUM_CONVERSION = YES;
				CLANG_WARN_INFINITE_RECURSION = YES;
				CLANG_WARN_INT_CONVERSION = YES;
				CLANG_WARN_OBJC_ROOT_CLASS = YES_ERROR;
				CLANG_WARN_SUSPICIOUS_MOVE = YES;
				CLANG_WARN_UNREACHABLE_CODE = YES;
				CLANG_WARN__DUPLICATE_METHOD_MATCH = YES;
				"CODE_SIGN_IDENTITY[sdk=iphoneos*]" = "iPhone Developer";
				COPY_PHASE_STRIP = NO;
				DEBUG_INFORMATION_FORMAT = "dwarf-with-dsym";
				ENABLE_NS_ASSERTIONS = NO;
				ENABLE_STRICT_OBJC_MSGSEND = YES;
				GCC_C_LANGUAGE_STANDARD = gnu99;
				GCC_NO_COMMON_BLOCKS = YES;
				GCC_WARN_64_TO_32_BIT_CONVERSION = YES;
				GCC_WARN_ABOUT_RETURN_TYPE = YES_ERROR;
				GCC_WARN_UNDECLARED_SELECTOR = YES;
				GCC_WARN_UNINITIALIZED_AUTOS = YES_AGGRESSIVE;
				GCC_WARN_UNUSED_FUNCTION = YES;
				GCC_WARN_UNUSED_VARIABLE = YES;
				IPHONEOS_DEPLOYMENT_TARGET = 10.2;
				MTL_ENABLE_DEBUG_INFO = NO;
				SDKROOT = iphoneos;
				SWIFT_OPTIMIZATION_LEVEL = "-Owholemodule";
				VALIDATE_PRODUCT = YES;
			};
			name = Release;
		};
		9C31E18A1E807A47000E68D5 /* Debug */ = {
			isa = XCBuildConfiguration;
			buildSettings = {
				ASSETCATALOG_COMPILER_APPICON_NAME = AppIcon;
				INFOPLIST_FILE = Instagram_Stef/Info.plist;
				LD_RUNPATH_SEARCH_PATHS = "$(inherited) @executable_path/Frameworks";
				PRODUCT_BUNDLE_IDENTIFIER = "com.makeschool.Instagram-Stef";
				PRODUCT_NAME = "$(TARGET_NAME)";
				SWIFT_VERSION = 3.0;
			};
			name = Debug;
		};
		9C31E18B1E807A47000E68D5 /* Release */ = {
			isa = XCBuildConfiguration;
			buildSettings = {
				ASSETCATALOG_COMPILER_APPICON_NAME = AppIcon;
				INFOPLIST_FILE = Instagram_Stef/Info.plist;
				LD_RUNPATH_SEARCH_PATHS = "$(inherited) @executable_path/Frameworks";
				PRODUCT_BUNDLE_IDENTIFIER = "com.makeschool.Instagram-Stef";
				PRODUCT_NAME = "$(TARGET_NAME)";
				SWIFT_VERSION = 3.0;
			};
			name = Release;
		};
		9C31E18D1E807A47000E68D5 /* Debug */ = {
			isa = XCBuildConfiguration;
			buildSettings = {
				ALWAYS_EMBED_SWIFT_STANDARD_LIBRARIES = YES;
				BUNDLE_LOADER = "$(TEST_HOST)";
				INFOPLIST_FILE = Instagram_StefTests/Info.plist;
				LD_RUNPATH_SEARCH_PATHS = "$(inherited) @executable_path/Frameworks @loader_path/Frameworks";
				PRODUCT_BUNDLE_IDENTIFIER = "com.makeschool.Instagram-StefTests";
				PRODUCT_NAME = "$(TARGET_NAME)";
				SWIFT_VERSION = 3.0;
				TEST_HOST = "$(BUILT_PRODUCTS_DIR)/Instagram_Stef.app/Instagram_Stef";
			};
			name = Debug;
		};
		9C31E18E1E807A47000E68D5 /* Release */ = {
			isa = XCBuildConfiguration;
			buildSettings = {
				ALWAYS_EMBED_SWIFT_STANDARD_LIBRARIES = YES;
				BUNDLE_LOADER = "$(TEST_HOST)";
				INFOPLIST_FILE = Instagram_StefTests/Info.plist;
				LD_RUNPATH_SEARCH_PATHS = "$(inherited) @executable_path/Frameworks @loader_path/Frameworks";
				PRODUCT_BUNDLE_IDENTIFIER = "com.makeschool.Instagram-StefTests";
				PRODUCT_NAME = "$(TARGET_NAME)";
				SWIFT_VERSION = 3.0;
				TEST_HOST = "$(BUILT_PRODUCTS_DIR)/Instagram_Stef.app/Instagram_Stef";
			};
			name = Release;
		};
		9C31E1901E807A47000E68D5 /* Debug */ = {
			isa = XCBuildConfiguration;
			buildSettings = {
				ALWAYS_EMBED_SWIFT_STANDARD_LIBRARIES = YES;
				INFOPLIST_FILE = Instagram_StefUITests/Info.plist;
				LD_RUNPATH_SEARCH_PATHS = "$(inherited) @executable_path/Frameworks @loader_path/Frameworks";
				PRODUCT_BUNDLE_IDENTIFIER = "com.makeschool.Instagram-StefUITests";
				PRODUCT_NAME = "$(TARGET_NAME)";
				SWIFT_VERSION = 3.0;
				TEST_TARGET_NAME = Instagram_Stef;
			};
			name = Debug;
		};
		9C31E1911E807A47000E68D5 /* Release */ = {
			isa = XCBuildConfiguration;
			buildSettings = {
				ALWAYS_EMBED_SWIFT_STANDARD_LIBRARIES = YES;
				INFOPLIST_FILE = Instagram_StefUITests/Info.plist;
				LD_RUNPATH_SEARCH_PATHS = "$(inherited) @executable_path/Frameworks @loader_path/Frameworks";
				PRODUCT_BUNDLE_IDENTIFIER = "com.makeschool.Instagram-StefUITests";
				PRODUCT_NAME = "$(TARGET_NAME)";
				SWIFT_VERSION = 3.0;
				TEST_TARGET_NAME = Instagram_Stef;
			};
			name = Release;
		};
/* End XCBuildConfiguration section */

/* Begin XCConfigurationList section */
		9C31E15C1E807A47000E68D5 /* Build configuration list for PBXProject "Instagram_Stef" */ = {
			isa = XCConfigurationList;
			buildConfigurations = (
				9C31E1871E807A47000E68D5 /* Debug */,
				9C31E1881E807A47000E68D5 /* Release */,
			);
			defaultConfigurationIsVisible = 0;
			defaultConfigurationName = Release;
		};
		9C31E1891E807A47000E68D5 /* Build configuration list for PBXNativeTarget "Instagram_Stef" */ = {
			isa = XCConfigurationList;
			buildConfigurations = (
				9C31E18A1E807A47000E68D5 /* Debug */,
				9C31E18B1E807A47000E68D5 /* Release */,
			);
			defaultConfigurationIsVisible = 0;
		};
		9C31E18C1E807A47000E68D5 /* Build configuration list for PBXNativeTarget "Instagram_StefTests" */ = {
			isa = XCConfigurationList;
			buildConfigurations = (
				9C31E18D1E807A47000E68D5 /* Debug */,
				9C31E18E1E807A47000E68D5 /* Release */,
			);
			defaultConfigurationIsVisible = 0;
		};
		9C31E18F1E807A47000E68D5 /* Build configuration list for PBXNativeTarget "Instagram_StefUITests" */ = {
			isa = XCConfigurationList;
			buildConfigurations = (
				9C31E1901E807A47000E68D5 /* Debug */,
				9C31E1911E807A47000E68D5 /* Release */,
			);
			defaultConfigurationIsVisible = 0;
		};
/* End XCConfigurationList section */
	};
	rootObject = 9C31E1591E807A47000E68D5 /* Project object */;
}
